# Prisma Migrate lockfile v1

20200615170513-test
20200615225700-user-profile
20200621112505-goal-tables
20200626125938-add-nicknames-weekly-monthly
20200626152612-change-period-to-datetime
20200703150139-add-goal-completion-date
20200703152638-goal-description-status
20200703153056-iscompleted-default
20200711161930-theme-cycles